
Microsoft Visual Studio Solution File, Format Version 12.00
# Visual Studio Version 17
VisualStudioVersion = 17.11.35219.272
MinimumVisualStudioVersion = 10.0.40219.1
Project("{FAE04EC0-301F-11D3-BF4B-00C04F79EFBC}") = "JsonToPdfClient", "JsonToPdfClient\JsonToPdfClient.csproj", "{1A121BDA-DB29-45B4-922C-9C1F23F9935F}"
EndProject
Global
	GlobalSection(SolutionConfigurationPlatforms) = preSolution
		Debug|Any CPU = Debug|Any CPU
		Release|Any CPU = Release|Any CPU
	EndGlobalSection
	GlobalSection(ProjectConfigurationPlatforms) = postSolution
		{1A121BDA-DB29-45B4-922C-9C1F23F9935F}.Debug|Any CPU.ActiveCfg = Debug|Any CPU
		{1A121BDA-DB29-45B4-922C-9C1F23F9935F}.Debug|Any CPU.Build.0 = Debug|Any CPU
		{1A121BDA-DB29-45B4-922C-9C1F23F9935F}.Release|Any CPU.ActiveCfg = Release|Any CPU
		{1A121BDA-DB29-45B4-922C-9C1F23F9935F}.Release|Any CPU.Build.0 = Release|Any CPU
	EndGlobalSection
	GlobalSection(SolutionProperties) = preSolution
		HideSolutionNode = FALSE
	EndGlobalSection
	GlobalSection(ExtensibilityGlobals) = postSolution
		SolutionGuid = {7C94C1BB-7955-4107-AE2A-40160D5643E6}
	EndGlobalSection
EndGlobal
